// !$*UTF8*$!
{
	archiveVersion = 1;
	classes = {
	};
	objectVersion = 46;
	objects = {

/* Begin PBXBuildFile section */
		6E323A08260C433616036404 /* libPods.a in Frameworks */ = {isa = PBXBuildFile; fileRef = 46CC4D90366F308FFB26FB4E /* libPods.a */; };
		766AFB5D1BF580CA0030AD8C /* WDWebViewViewController.m in Sources */ = {isa = PBXBuildFile; fileRef = 766AFB5C1BF580CA0030AD8C /* WDWebViewViewController.m */; };
		766AFB681BF5B1CB0030AD8C /* webRefreshPage_normal@2x.png in Resources */ = {isa = PBXBuildFile; fileRef = 766AFB5F1BF5B1CB0030AD8C /* webRefreshPage_normal@2x.png */; };
		766AFB691BF5B1CB0030AD8C /* webRefreshPage_normal@3x.png in Resources */ = {isa = PBXBuildFile; fileRef = 766AFB601BF5B1CB0030AD8C /* webRefreshPage_normal@3x.png */; };
		766AFB6A1BF5B1CB0030AD8C /* webRefreshPage_select@2x.png in Resources */ = {isa = PBXBuildFile; fileRef = 766AFB611BF5B1CB0030AD8C /* webRefreshPage_select@2x.png */; };
		766AFB6B1BF5B1CB0030AD8C /* webRefreshPage_select@3x.png in Resources */ = {isa = PBXBuildFile; fileRef = 766AFB621BF5B1CB0030AD8C /* webRefreshPage_select@3x.png */; };
		766AFB6C1BF5B1CB0030AD8C /* webViewBack_normal@2x.png in Resources */ = {isa = PBXBuildFile; fileRef = 766AFB631BF5B1CB0030AD8C /* webViewBack_normal@2x.png */; };
		766AFB6D1BF5B1CB0030AD8C /* webViewBack_normal@3x.png in Resources */ = {isa = PBXBuildFile; fileRef = 766AFB641BF5B1CB0030AD8C /* webViewBack_normal@3x.png */; };
		766AFB6E1BF5B1CB0030AD8C /* webViewBack_select@2x.png in Resources */ = {isa = PBXBuildFile; fileRef = 766AFB651BF5B1CB0030AD8C /* webViewBack_select@2x.png */; };
		766AFB6F1BF5B1CB0030AD8C /* webViewBack_select@3x.png in Resources */ = {isa = PBXBuildFile; fileRef = 766AFB661BF5B1CB0030AD8C /* webViewBack_select@3x.png */; };
		766AFB701BF5B1CB0030AD8C /* webViewClose@2x.png in Resources */ = {isa = PBXBuildFile; fileRef = 766AFB671BF5B1CB0030AD8C /* webViewClose@2x.png */; };
		769718241BF482C70024E5BD /* main.m in Sources */ = {isa = PBXBuildFile; fileRef = 769718231BF482C70024E5BD /* main.m */; };
		769718271BF482C70024E5BD /* AppDelegate.m in Sources */ = {isa = PBXBuildFile; fileRef = 769718261BF482C70024E5BD /* AppDelegate.m */; };
		7697182A1BF482C70024E5BD /* ViewController.m in Sources */ = {isa = PBXBuildFile; fileRef = 769718291BF482C70024E5BD /* ViewController.m */; };
		7697182D1BF482C70024E5BD /* Main.storyboard in Resources */ = {isa = PBXBuildFile; fileRef = 7697182B1BF482C70024E5BD /* Main.storyboard */; };
		7697182F1BF482C70024E5BD /* Assets.xcassets in Resources */ = {isa = PBXBuildFile; fileRef = 7697182E1BF482C70024E5BD /* Assets.xcassets */; };
		769718321BF482C70024E5BD /* LaunchScreen.storyboard in Resources */ = {isa = PBXBuildFile; fileRef = 769718301BF482C70024E5BD /* LaunchScreen.storyboard */; };
		7697183D1BF482C70024E5BD /* WDWebBrowserTests.m in Sources */ = {isa = PBXBuildFile; fileRef = 7697183C1BF482C70024E5BD /* WDWebBrowserTests.m */; };
		769718481BF482C70024E5BD /* WDWebBrowserUITests.m in Sources */ = {isa = PBXBuildFile; fileRef = 769718471BF482C70024E5BD /* WDWebBrowserUITests.m */; };
/* End PBXBuildFile section */

/* Begin PBXContainerItemProxy section */
		769718391BF482C70024E5BD /* PBXContainerItemProxy */ = {
			isa = PBXContainerItemProxy;
			containerPortal = 769718171BF482C70024E5BD /* Project object */;
			proxyType = 1;
			remoteGlobalIDString = 7697181E1BF482C70024E5BD;
			remoteInfo = WDWebBrowser;
		};
		769718441BF482C70024E5BD /* PBXContainerItemProxy */ = {
			isa = PBXContainerItemProxy;
			containerPortal = 769718171BF482C70024E5BD /* Project object */;
			proxyType = 1;
			remoteGlobalIDString = 7697181E1BF482C70024E5BD;
			remoteInfo = WDWebBrowser;
		};
/* End PBXContainerItemProxy section */

/* Begin PBXFileReference section */
		46CC4D90366F308FFB26FB4E /* libPods.a */ = {isa = PBXFileReference; explicitFileType = archive.ar; includeInIndex = 0; path = libPods.a; sourceTree = BUILT_PRODUCTS_DIR; };
		766AFB5B1BF580CA0030AD8C /* WDWebViewViewController.h */ = {isa = PBXFileReference; fileEncoding = 4; lastKnownFileType = sourcecode.c.h; path = WDWebViewViewController.h; sourceTree = "<group>"; };
		766AFB5C1BF580CA0030AD8C /* WDWebViewViewController.m */ = {isa = PBXFileReference; fileEncoding = 4; lastKnownFileType = sourcecode.c.objc; path = WDWebViewViewController.m; sourceTree = "<group>"; };
		766AFB5F1BF5B1CB0030AD8C /* webRefreshPage_normal@2x.png */ = {isa = PBXFileReference; lastKnownFileType = image.png; path = "webRefreshPage_normal@2x.png"; sourceTree = "<group>"; };
		766AFB601BF5B1CB0030AD8C /* webRefreshPage_normal@3x.png */ = {isa = PBXFileReference; lastKnownFileType = image.png; path = "webRefreshPage_normal@3x.png"; sourceTree = "<group>"; };
		766AFB611BF5B1CB0030AD8C /* webRefreshPage_select@2x.png */ = {isa = PBXFileReference; lastKnownFileType = image.png; path = "webRefreshPage_select@2x.png"; sourceTree = "<group>"; };
		766AFB621BF5B1CB0030AD8C /* webRefreshPage_select@3x.png */ = {isa = PBXFileReference; lastKnownFileType = image.png; path = "webRefreshPage_select@3x.png"; sourceTree = "<group>"; };
		766AFB631BF5B1CB0030AD8C /* webViewBack_normal@2x.png */ = {isa = PBXFileReference; lastKnownFileType = image.png; path = "webViewBack_normal@2x.png"; sourceTree = "<group>"; };
		766AFB641BF5B1CB0030AD8C /* webViewBack_normal@3x.png */ = {isa = PBXFileReference; lastKnownFileType = image.png; path = "webViewBack_normal@3x.png"; sourceTree = "<group>"; };
		766AFB651BF5B1CB0030AD8C /* webViewBack_select@2x.png */ = {isa = PBXFileReference; lastKnownFileType = image.png; path = "webViewBack_select@2x.png"; sourceTree = "<group>"; };
		766AFB661BF5B1CB0030AD8C /* webViewBack_select@3x.png */ = {isa = PBXFileReference; lastKnownFileType = image.png; path = "webViewBack_select@3x.png"; sourceTree = "<group>"; };
		766AFB671BF5B1CB0030AD8C /* webViewClose@2x.png */ = {isa = PBXFileReference; lastKnownFileType = image.png; path = "webViewClose@2x.png"; sourceTree = "<group>"; };
		7697181F1BF482C70024E5BD /* WDWebBrowser.app */ = {isa = PBXFileReference; explicitFileType = wrapper.application; includeInIndex = 0; path = WDWebBrowser.app; sourceTree = BUILT_PRODUCTS_DIR; };
		769718231BF482C70024E5BD /* main.m */ = {isa = PBXFileReference; lastKnownFileType = sourcecode.c.objc; path = main.m; sourceTree = "<group>"; };
		769718251BF482C70024E5BD /* AppDelegate.h */ = {isa = PBXFileReference; lastKnownFileType = sourcecode.c.h; path = AppDelegate.h; sourceTree = "<group>"; };
		769718261BF482C70024E5BD /* AppDelegate.m */ = {isa = PBXFileReference; lastKnownFileType = sourcecode.c.objc; path = AppDelegate.m; sourceTree = "<group>"; };
		769718281BF482C70024E5BD /* ViewController.h */ = {isa = PBXFileReference; lastKnownFileType = sourcecode.c.h; path = ViewController.h; sourceTree = "<group>"; };
		769718291BF482C70024E5BD /* ViewController.m */ = {isa = PBXFileReference; lastKnownFileType = sourcecode.c.objc; path = ViewController.m; sourceTree = "<group>"; };
		7697182C1BF482C70024E5BD /* Base */ = {isa = PBXFileReference; lastKnownFileType = file.storyboard; name = Base; path = Base.lproj/Main.storyboard; sourceTree = "<group>"; };
		7697182E1BF482C70024E5BD /* Assets.xcassets */ = {isa = PBXFileReference; lastKnownFileType = folder.assetcatalog; path = Assets.xcassets; sourceTree = "<group>"; };
		769718311BF482C70024E5BD /* Base */ = {isa = PBXFileReference; lastKnownFileType = file.storyboard; name = Base; path = Base.lproj/LaunchScreen.storyboard; sourceTree = "<group>"; };
		769718331BF482C70024E5BD /* Info.plist */ = {isa = PBXFileReference; lastKnownFileType = text.plist.xml; path = Info.plist; sourceTree = "<group>"; };
		769718381BF482C70024E5BD /* WDWebBrowserTests.xctest */ = {isa = PBXFileReference; explicitFileType = wrapper.cfbundle; includeInIndex = 0; path = WDWebBrowserTests.xctest; sourceTree = BUILT_PRODUCTS_DIR; };
		7697183C1BF482C70024E5BD /* WDWebBrowserTests.m */ = {isa = PBXFileReference; lastKnownFileType = sourcecode.c.objc; path = WDWebBrowserTests.m; sourceTree = "<group>"; };
		7697183E1BF482C70024E5BD /* Info.plist */ = {isa = PBXFileReference; lastKnownFileType = text.plist.xml; path = Info.plist; sourceTree = "<group>"; };
		769718431BF482C70024E5BD /* WDWebBrowserUITests.xctest */ = {isa = PBXFileReference; explicitFileType = wrapper.cfbundle; includeInIndex = 0; path = WDWebBrowserUITests.xctest; sourceTree = BUILT_PRODUCTS_DIR; };
		769718471BF482C70024E5BD /* WDWebBrowserUITests.m */ = {isa = PBXFileReference; lastKnownFileType = sourcecode.c.objc; path = WDWebBrowserUITests.m; sourceTree = "<group>"; };
		769718491BF482C70024E5BD /* Info.plist */ = {isa = PBXFileReference; lastKnownFileType = text.plist.xml; path = Info.plist; sourceTree = "<group>"; };
		769718551BF4831F0024E5BD /* PrefixHeader.pch */ = {isa = PBXFileReference; lastKnownFileType = sourcecode.c.h; path = PrefixHeader.pch; sourceTree = "<group>"; };
		7E1E0E232742729AB702AAEE /* Pods.release.xcconfig */ = {isa = PBXFileReference; includeInIndex = 1; lastKnownFileType = text.xcconfig; name = Pods.release.xcconfig; path = "Pods/Target Support Files/Pods/Pods.release.xcconfig"; sourceTree = "<group>"; };
		9709674CC2997A3804F2BF7C /* Pods.debug.xcconfig */ = {isa = PBXFileReference; includeInIndex = 1; lastKnownFileType = text.xcconfig; name = Pods.debug.xcconfig; path = "Pods/Target Support Files/Pods/Pods.debug.xcconfig"; sourceTree = "<group>"; };
/* End PBXFileReference section */

/* Begin PBXFrameworksBuildPhase section */
		7697181C1BF482C70024E5BD /* Frameworks */ = {
			isa = PBXFrameworksBuildPhase;
			buildActionMask = 2147483647;
			files = (
				6E323A08260C433616036404 /* libPods.a in Frameworks */,
			);
			runOnlyForDeploymentPostprocessing = 0;
		};
		769718351BF482C70024E5BD /* Frameworks */ = {
			isa = PBXFrameworksBuildPhase;
			buildActionMask = 2147483647;
			files = (
			);
			runOnlyForDeploymentPostprocessing = 0;
		};
		769718401BF482C70024E5BD /* Frameworks */ = {
			isa = PBXFrameworksBuildPhase;
			buildActionMask = 2147483647;
			files = (
			);
			runOnlyForDeploymentPostprocessing = 0;
		};
/* End PBXFrameworksBuildPhase section */

/* Begin PBXGroup section */
		766AFB5A1BF580CA0030AD8C /* WDWebViewController */ = {
			isa = PBXGroup;
			children = (
				766AFB5B1BF580CA0030AD8C /* WDWebViewViewController.h */,
				766AFB5C1BF580CA0030AD8C /* WDWebViewViewController.m */,
			);
			path = WDWebViewController;
			sourceTree = "<group>";
		};
		766AFB5E1BF5B1CB0030AD8C /* Resources */ = {
			isa = PBXGroup;
			children = (
				766AFB5F1BF5B1CB0030AD8C /* webRefreshPage_normal@2x.png */,
				766AFB601BF5B1CB0030AD8C /* webRefreshPage_normal@3x.png */,
				766AFB611BF5B1CB0030AD8C /* webRefreshPage_select@2x.png */,
				766AFB621BF5B1CB0030AD8C /* webRefreshPage_select@3x.png */,
				766AFB631BF5B1CB0030AD8C /* webViewBack_normal@2x.png */,
				766AFB641BF5B1CB0030AD8C /* webViewBack_normal@3x.png */,
				766AFB651BF5B1CB0030AD8C /* webViewBack_select@2x.png */,
				766AFB661BF5B1CB0030AD8C /* webViewBack_select@3x.png */,
				766AFB671BF5B1CB0030AD8C /* webViewClose@2x.png */,
			);
			path = Resources;
			sourceTree = "<group>";
		};
		769718161BF482C70024E5BD = {
			isa = PBXGroup;
			children = (
				766AFB5E1BF5B1CB0030AD8C /* Resources */,
				766AFB5A1BF580CA0030AD8C /* WDWebViewController */,
				769718211BF482C70024E5BD /* WDWebBrowser */,
				7697183B1BF482C70024E5BD /* WDWebBrowserTests */,
				769718461BF482C70024E5BD /* WDWebBrowserUITests */,
				769718201BF482C70024E5BD /* Products */,
				7B8E6944986430B690F21E3C /* Pods */,
				90F21D223F30EBF00A370BB5 /* Frameworks */,
			);
			sourceTree = "<group>";
		};
		769718201BF482C70024E5BD /* Products */ = {
			isa = PBXGroup;
			children = (
				7697181F1BF482C70024E5BD /* WDWebBrowser.app */,
				769718381BF482C70024E5BD /* WDWebBrowserTests.xctest */,
				769718431BF482C70024E5BD /* WDWebBrowserUITests.xctest */,
			);
			name = Products;
			sourceTree = "<group>";
		};
		769718211BF482C70024E5BD /* WDWebBrowser */ = {
			isa = PBXGroup;
			children = (
				769718251BF482C70024E5BD /* AppDelegate.h */,
				769718261BF482C70024E5BD /* AppDelegate.m */,
				769718281BF482C70024E5BD /* ViewController.h */,
				769718291BF482C70024E5BD /* ViewController.m */,
				7697182B1BF482C70024E5BD /* Main.storyboard */,
				7697182E1BF482C70024E5BD /* Assets.xcassets */,
				769718301BF482C70024E5BD /* LaunchScreen.storyboard */,
				769718331BF482C70024E5BD /* Info.plist */,
				769718221BF482C70024E5BD /* Supporting Files */,
			);
			path = WDWebBrowser;
			sourceTree = "<group>";
		};
		769718221BF482C70024E5BD /* Supporting Files */ = {
			isa = PBXGroup;
			children = (
				769718231BF482C70024E5BD /* main.m */,
				769718551BF4831F0024E5BD /* PrefixHeader.pch */,
			);
			name = "Supporting Files";
			sourceTree = "<group>";
		};
		7697183B1BF482C70024E5BD /* WDWebBrowserTests */ = {
			isa = PBXGroup;
			children = (
				7697183C1BF482C70024E5BD /* WDWebBrowserTests.m */,
				7697183E1BF482C70024E5BD /* Info.plist */,
			);
			path = WDWebBrowserTests;
			sourceTree = "<group>";
		};
		769718461BF482C70024E5BD /* WDWebBrowserUITests */ = {
			isa = PBXGroup;
			children = (
				769718471BF482C70024E5BD /* WDWebBrowserUITests.m */,
				769718491BF482C70024E5BD /* Info.plist */,
			);
			path = WDWebBrowserUITests;
			sourceTree = "<group>";
		};
		7B8E6944986430B690F21E3C /* Pods */ = {
			isa = PBXGroup;
			children = (
				9709674CC2997A3804F2BF7C /* Pods.debug.xcconfig */,
				7E1E0E232742729AB702AAEE /* Pods.release.xcconfig */,
			);
			name = Pods;
			sourceTree = "<group>";
		};
		90F21D223F30EBF00A370BB5 /* Frameworks */ = {
			isa = PBXGroup;
			children = (
				46CC4D90366F308FFB26FB4E /* libPods.a */,
			);
			name = Frameworks;
			sourceTree = "<group>";
		};
/* End PBXGroup section */

/* Begin PBXNativeTarget section */
		7697181E1BF482C70024E5BD /* WDWebBrowser */ = {
			isa = PBXNativeTarget;
			buildConfigurationList = 7697184C1BF482C70024E5BD /* Build configuration list for PBXNativeTarget "WDWebBrowser" */;
			buildPhases = (
				1BE88FDACBD58604D9BBBD4E /* Check Pods Manifest.lock */,
				7697181B1BF482C70024E5BD /* Sources */,
				7697181C1BF482C70024E5BD /* Frameworks */,
				7697181D1BF482C70024E5BD /* Resources */,
				5C008DDEA84016C7CB1A79E4 /* Embed Pods Frameworks */,
				9BE94218031F95C975AA973B /* Copy Pods Resources */,
			);
			buildRules = (
			);
			dependencies = (
			);
			name = WDWebBrowser;
			productName = WDWebBrowser;
			productReference = 7697181F1BF482C70024E5BD /* WDWebBrowser.app */;
			productType = "com.apple.product-type.application";
		};
		769718371BF482C70024E5BD /* WDWebBrowserTests */ = {
			isa = PBXNativeTarget;
			buildConfigurationList = 7697184F1BF482C70024E5BD /* Build configuration list for PBXNativeTarget "WDWebBrowserTests" */;
			buildPhases = (
				769718341BF482C70024E5BD /* Sources */,
				769718351BF482C70024E5BD /* Frameworks */,
				769718361BF482C70024E5BD /* Resources */,
			);
			buildRules = (
			);
			dependencies = (
				7697183A1BF482C70024E5BD /* PBXTargetDependency */,
			);
			name = WDWebBrowserTests;
			productName = WDWebBrowserTests;
			productReference = 769718381BF482C70024E5BD /* WDWebBrowserTests.xctest */;
			productType = "com.apple.product-type.bundle.unit-test";
		};
		769718421BF482C70024E5BD /* WDWebBrowserUITests */ = {
			isa = PBXNativeTarget;
			buildConfigurationList = 769718521BF482C70024E5BD /* Build configuration list for PBXNativeTarget "WDWebBrowserUITests" */;
			buildPhases = (
				7697183F1BF482C70024E5BD /* Sources */,
				769718401BF482C70024E5BD /* Frameworks */,
				769718411BF482C70024E5BD /* Resources */,
			);
			buildRules = (
			);
			dependencies = (
				769718451BF482C70024E5BD /* PBXTargetDependency */,
			);
			name = WDWebBrowserUITests;
			productName = WDWebBrowserUITests;
			productReference = 769718431BF482C70024E5BD /* WDWebBrowserUITests.xctest */;
			productType = "com.apple.product-type.bundle.ui-testing";
		};
/* End PBXNativeTarget section */

/* Begin PBXProject section */
		769718171BF482C70024E5BD /* Project object */ = {
			isa = PBXProject;
			attributes = {
				LastUpgradeCheck = 0710;
				ORGANIZATIONNAME = wd;
				TargetAttributes = {
					7697181E1BF482C70024E5BD = {
						CreatedOnToolsVersion = 7.1;
					};
					769718371BF482C70024E5BD = {
						CreatedOnToolsVersion = 7.1;
						TestTargetID = 7697181E1BF482C70024E5BD;
					};
					769718421BF482C70024E5BD = {
						CreatedOnToolsVersion = 7.1;
						TestTargetID = 7697181E1BF482C70024E5BD;
					};
				};
			};
			buildConfigurationList = 7697181A1BF482C70024E5BD /* Build configuration list for PBXProject "WDWebBrowser" */;
			compatibilityVersion = "Xcode 3.2";
			developmentRegion = English;
			hasScannedForEncodings = 0;
			knownRegions = (
				en,
				Base,
			);
			mainGroup = 769718161BF482C70024E5BD;
			productRefGroup = 769718201BF482C70024E5BD /* Products */;
			projectDirPath = "";
			projectRoot = "";
			targets = (
				7697181E1BF482C70024E5BD /* WDWebBrowser */,
				769718371BF482C70024E5BD /* WDWebBrowserTests */,
				769718421BF482C70024E5BD /* WDWebBrowserUITests */,
			);
		};
/* End PBXProject section */

/* Begin PBXResourcesBuildPhase section */
		7697181D1BF482C70024E5BD /* Resources */ = {
			isa = PBXResourcesBuildPhase;
			buildActionMask = 2147483647;
			files = (
				766AFB6C1BF5B1CB0030AD8C /* webViewBack_normal@2x.png in Resources */,
				769718321BF482C70024E5BD /* LaunchScreen.storyboard in Resources */,
				7697182F1BF482C70024E5BD /* Assets.xcassets in Resources */,
				766AFB701BF5B1CB0030AD8C /* webViewClose@2x.png in Resources */,
				766AFB6B1BF5B1CB0030AD8C /* webRefreshPage_select@3x.png in Resources */,
				766AFB6A1BF5B1CB0030AD8C /* webRefreshPage_select@2x.png in Resources */,
				766AFB6D1BF5B1CB0030AD8C /* webViewBack_normal@3x.png in Resources */,
				7697182D1BF482C70024E5BD /* Main.storyboard in Resources */,
				766AFB6F1BF5B1CB0030AD8C /* webViewBack_select@3x.png in Resources */,
				766AFB691BF5B1CB0030AD8C /* webRefreshPage_normal@3x.png in Resources */,
				766AFB681BF5B1CB0030AD8C /* webRefreshPage_normal@2x.png in Resources */,
				766AFB6E1BF5B1CB0030AD8C /* webViewBack_select@2x.png in Resources */,
			);
			runOnlyForDeploymentPostprocessing = 0;
		};
		769718361BF482C70024E5BD /* Resources */ = {
			isa = PBXResourcesBuildPhase;
			buildActionMask = 2147483647;
			files = (
			);
			runOnlyForDeploymentPostprocessing = 0;
		};
		769718411BF482C70024E5BD /* Resources */ = {
			isa = PBXResourcesBuildPhase;
			buildActionMask = 2147483647;
			files = (
			);
			runOnlyForDeploymentPostprocessing = 0;
		};
/* End PBXResourcesBuildPhase section */

/* Begin PBXShellScriptBuildPhase section */
		1BE88FDACBD58604D9BBBD4E /* Check Pods Manifest.lock */ = {
			isa = PBXShellScriptBuildPhase;
			buildActionMask = 2147483647;
			files = (
			);
			inputPaths = (
			);
			name = "Check Pods Manifest.lock";
			outputPaths = (
			);
			runOnlyForDeploymentPostprocessing = 0;
			shellPath = /bin/sh;
			shellScript = "diff \"${PODS_ROOT}/../Podfile.lock\" \"${PODS_ROOT}/Manifest.lock\" > /dev/null\nif [[ $? != 0 ]] ; then\n    cat << EOM\nerror: The sandbox is not in sync with the Podfile.lock. Run 'pod install' or update your CocoaPods installation.\nEOM\n    exit 1\nfi\n";
			showEnvVarsInLog = 0;
		};
		5C008DDEA84016C7CB1A79E4 /* Embed Pods Frameworks */ = {
			isa = PBXShellScriptBuildPhase;
			buildActionMask = 2147483647;
			files = (
			);
			inputPaths = (
			);
			name = "Embed Pods Frameworks";
			outputPaths = (
			);
			runOnlyForDeploymentPostprocessing = 0;
			shellPath = /bin/sh;
			shellScript = "\"${SRCROOT}/Pods/Target Support Files/Pods/Pods-frameworks.sh\"\n";
			showEnvVarsInLog = 0;
		};
		9BE94218031F95C975AA973B /* Copy Pods Resources */ = {
			isa = PBXShellScriptBuildPhase;
			buildActionMask = 2147483647;
			files = (
			);
			inputPaths = (
			);
			name = "Copy Pods Resources";
			outputPaths = (
			);
			runOnlyForDeploymentPostprocessing = 0;
			shellPath = /bin/sh;
			shellScript = "\"${SRCROOT}/Pods/Target Support Files/Pods/Pods-resources.sh\"\n";
			showEnvVarsInLog = 0;
		};
/* End PBXShellScriptBuildPhase section */

/* Begin PBXSourcesBuildPhase section */
		7697181B1BF482C70024E5BD /* Sources */ = {
			isa = PBXSourcesBuildPhase;
			buildActionMask = 2147483647;
			files = (
				7697182A1BF482C70024E5BD /* ViewController.m in Sources */,
				769718271BF482C70024E5BD /* AppDelegate.m in Sources */,
				769718241BF482C70024E5BD /* main.m in Sources */,
				766AFB5D1BF580CA0030AD8C /* WDWebViewViewController.m in Sources */,
			);
			runOnlyForDeploymentPostprocessing = 0;
		};
		769718341BF482C70024E5BD /* Sources */ = {
			isa = PBXSourcesBuildPhase;
			buildActionMask = 2147483647;
			files = (
				7697183D1BF482C70024E5BD /* WDWebBrowserTests.m in Sources */,
			);
			runOnlyForDeploymentPostprocessing = 0;
		};
		7697183F1BF482C70024E5BD /* Sources */ = {
			isa = PBXSourcesBuildPhase;
			buildActionMask = 2147483647;
			files = (
				769718481BF482C70024E5BD /* WDWebBrowserUITests.m in Sources */,
			);
			runOnlyForDeploymentPostprocessing = 0;
		};
/* End PBXSourcesBuildPhase section */

/* Begin PBXTargetDependency section */
		7697183A1BF482C70024E5BD /* PBXTargetDependency */ = {
			isa = PBXTargetDependency;
			target = 7697181E1BF482C70024E5BD /* WDWebBrowser */;
			targetProxy = 769718391BF482C70024E5BD /* PBXContainerItemProxy */;
		};
		769718451BF482C70024E5BD /* PBXTargetDependency */ = {
			isa = PBXTargetDependency;
			target = 7697181E1BF482C70024E5BD /* WDWebBrowser */;
			targetProxy = 769718441BF482C70024E5BD /* PBXContainerItemProxy */;
		};
/* End PBXTargetDependency section */

/* Begin PBXVariantGroup section */
		7697182B1BF482C70024E5BD /* Main.storyboard */ = {
			isa = PBXVariantGroup;
			children = (
				7697182C1BF482C70024E5BD /* Base */,
			);
			name = Main.storyboard;
			sourceTree = "<group>";
		};
		769718301BF482C70024E5BD /* LaunchScreen.storyboard */ = {
			isa = PBXVariantGroup;
			children = (
				769718311BF482C70024E5BD /* Base */,
			);
			name = LaunchScreen.storyboard;
			sourceTree = "<group>";
		};
/* End PBXVariantGroup section */

/* Begin XCBuildConfiguration section */
		7697184A1BF482C70024E5BD /* Debug */ = {
			isa = XCBuildConfiguration;
			buildSettings = {
				ALWAYS_SEARCH_USER_PATHS = NO;
				CLANG_CXX_LANGUAGE_STANDARD = "gnu++0x";
				CLANG_CXX_LIBRARY = "libc++";
				CLANG_ENABLE_MODULES = YES;
				CLANG_ENABLE_OBJC_ARC = YES;
				CLANG_WARN_BOOL_CONVERSION = YES;
				CLANG_WARN_CONSTANT_CONVERSION = YES;
				CLANG_WARN_DIRECT_OBJC_ISA_USAGE = YES_ERROR;
				CLANG_WARN_EMPTY_BODY = YES;
				CLANG_WARN_ENUM_CONVERSION = YES;
				CLANG_WARN_INT_CONVERSION = YES;
				CLANG_WARN_OBJC_ROOT_CLASS = YES_ERROR;
				CLANG_WARN_UNREACHABLE_CODE = YES;
				CLANG_WARN__DUPLICATE_METHOD_MATCH = YES;
				"CODE_SIGN_IDENTITY[sdk=iphoneos*]" = "iPhone Developer";
				COPY_PHASE_STRIP = NO;
				DEBUG_INFORMATION_FORMAT = dwarf;
				ENABLE_STRICT_OBJC_MSGSEND = YES;
				ENABLE_TESTABILITY = YES;
				GCC_C_LANGUAGE_STANDARD = gnu99;
				GCC_DYNAMIC_NO_PIC = NO;
				GCC_NO_COMMON_BLOCKS = YES;
				GCC_OPTIMIZATION_LEVEL = 0;
				GCC_PREPROCESSOR_DEFINITIONS = (
					"DEBUG=1",
					"$(inherited)",
				);
				GCC_WARN_64_TO_32_BIT_CONVERSION = YES;
				GCC_WARN_ABOUT_RETURN_TYPE = YES_ERROR;
				GCC_WARN_UNDECLARED_SELECTOR = YES;
				GCC_WARN_UNINITIALIZED_AUTOS = YES_AGGRESSIVE;
				GCC_WARN_UNUSED_FUNCTION = YES;
				GCC_WARN_UNUSED_VARIABLE = YES;
				IPHONEOS_DEPLOYMENT_TARGET = 9.1;
				MTL_ENABLE_DEBUG_INFO = YES;
				ONLY_ACTIVE_ARCH = YES;
				SDKROOT = iphoneos;
			};
			name = Debug;
		};
		7697184B1BF482C70024E5BD /* Release */ = {
			isa = XCBuildConfiguration;
			buildSettings = {
				ALWAYS_SEARCH_USER_PATHS = NO;
				CLANG_CXX_LANGUAGE_STANDARD = "gnu++0x";
				CLANG_CXX_LIBRARY = "libc++";
				CLANG_ENABLE_MODULES = YES;
				CLANG_ENABLE_OBJC_ARC = YES;
				CLANG_WARN_BOOL_CONVERSION = YES;
				CLANG_WARN_CONSTANT_CONVERSION = YES;
				CLANG_WARN_DIRECT_OBJC_ISA_USAGE = YES_ERROR;
				CLANG_WARN_EMPTY_BODY = YES;
				CLANG_WARN_ENUM_CONVERSION = YES;
				CLANG_WARN_INT_CONVERSION = YES;
				CLANG_WARN_OBJC_ROOT_CLASS = YES_ERROR;
				CLANG_WARN_UNREACHABLE_CODE = YES;
				CLANG_WARN__DUPLICATE_METHOD_MATCH = YES;
				"CODE_SIGN_IDENTITY[sdk=iphoneos*]" = "iPhone Developer";
				COPY_PHASE_STRIP = NO;
				DEBUG_INFORMATION_FORMAT = "dwarf-with-dsym";
				ENABLE_NS_ASSERTIONS = NO;
				ENABLE_STRICT_OBJC_MSGSEND = YES;
				GCC_C_LANGUAGE_STANDARD = gnu99;
				GCC_NO_COMMON_BLOCKS = YES;
				GCC_WARN_64_TO_32_BIT_CONVERSION = YES;
				GCC_WARN_ABOUT_RETURN_TYPE = YES_ERROR;
				GCC_WARN_UNDECLARED_SELECTOR = YES;
				GCC_WARN_UNINITIALIZED_AUTOS = YES_AGGRESSIVE;
				GCC_WARN_UNUSED_FUNCTION = YES;
				GCC_WARN_UNUSED_VARIABLE = YES;
				IPHONEOS_DEPLOYMENT_TARGET = 9.1;
				MTL_ENABLE_DEBUG_INFO = NO;
				SDKROOT = iphoneos;
				VALIDATE_PRODUCT = YES;
			};
			name = Release;
		};
		7697184D1BF482C70024E5BD /* Debug */ = {
			isa = XCBuildConfiguration;
			baseConfigurationReference = 9709674CC2997A3804F2BF7C /* Pods.debug.xcconfig */;
			buildSettings = {
				ASSETCATALOG_COMPILER_APPICON_NAME = AppIcon;
				GCC_PREFIX_HEADER = "$(SRCROOT)/WDWebBrowser/PrefixHeader.pch";
				INFOPLIST_FILE = WDWebBrowser/Info.plist;
				LD_RUNPATH_SEARCH_PATHS = "$(inherited) @executable_path/Frameworks";
				PRODUCT_BUNDLE_IDENTIFIER = www.wangduan.com.WDWebBrowser;
				PRODUCT_NAME = "$(TARGET_NAME)";
			};
			name = Debug;
		};
		7697184E1BF482C70024E5BD /* Release */ = {
			isa = XCBuildConfiguration;
			baseConfigurationReference = 7E1E0E232742729AB702AAEE /* Pods.release.xcconfig */;
			buildSettings = {
				ASSETCATALOG_COMPILER_APPICON_NAME = AppIcon;
				GCC_PREFIX_HEADER = "$(SRCROOT)/WDWebBrowser/PrefixHeader.pch";
				INFOPLIST_FILE = WDWebBrowser/Info.plist;
				LD_RUNPATH_SEARCH_PATHS = "$(inherited) @executable_path/Frameworks";
				PRODUCT_BUNDLE_IDENTIFIER = www.wangduan.com.WDWebBrowser;
				PRODUCT_NAME = "$(TARGET_NAME)";
			};
			name = Release;
		};
		769718501BF482C70024E5BD /* Debug */ = {
			isa = XCBuildConfiguration;
			buildSettings = {
				BUNDLE_LOADER = "$(TEST_HOST)";
				INFOPLIST_FILE = WDWebBrowserTests/Info.plist;
				LD_RUNPATH_SEARCH_PATHS = "$(inherited) @executable_path/Frameworks @loader_path/Frameworks";
				PRODUCT_BUNDLE_IDENTIFIER = www.wangduan.com.WDWebBrowserTests;
				PRODUCT_NAME = "$(TARGET_NAME)";
				TEST_HOST = "$(BUILT_PRODUCTS_DIR)/WDWebBrowser.app/WDWebBrowser";
			};
			name = Debug;
		};
		769718511BF482C70024E5BD /* Release */ = {
			isa = XCBuildConfiguration;
			buildSettings = {
				BUNDLE_LOADER = "$(TEST_HOST)";
				INFOPLIST_FILE = WDWebBrowserTests/Info.plist;
				LD_RUNPATH_SEARCH_PATHS = "$(inherited) @executable_path/Frameworks @loader_path/Frameworks";
				PRODUCT_BUNDLE_IDENTIFIER = www.wangduan.com.WDWebBrowserTests;
				PRODUCT_NAME = "$(TARGET_NAME)";
				TEST_HOST = "$(BUILT_PRODUCTS_DIR)/WDWebBrowser.app/WDWebBrowser";
			};
			name = Release;
		};
		769718531BF482C70024E5BD /* Debug */ = {
			isa = XCBuildConfiguration;
			buildSettings = {
				INFOPLIST_FILE = WDWebBrowserUITests/Info.plist;
				LD_RUNPATH_SEARCH_PATHS = "$(inherited) @executable_path/Frameworks @loader_path/Frameworks";
				PRODUCT_BUNDLE_IDENTIFIER = www.wangduan.com.WDWebBrowserUITests;
				PRODUCT_NAME = "$(TARGET_NAME)";
				TEST_TARGET_NAME = WDWebBrowser;
				USES_XCTRUNNER = YES;
			};
			name = Debug;
		};
		769718541BF482C70024E5BD /* Release */ = {
			isa = XCBuildConfiguration;
			buildSettings = {
				INFOPLIST_FILE = WDWebBrowserUITests/Info.plist;
				LD_RUNPATH_SEARCH_PATHS = "$(inherited) @executable_path/Frameworks @loader_path/Frameworks";
				PRODUCT_BUNDLE_IDENTIFIER = www.wangduan.com.WDWebBrowserUITests;
				PRODUCT_NAME = "$(TARGET_NAME)";
				TEST_TARGET_NAME = WDWebBrowser;
				USES_XCTRUNNER = YES;
			};
			name = Release;
		};
/* End XCBuildConfiguration section */

/* Begin XCConfigurationList section */
		7697181A1BF482C70024E5BD /* Build configuration list for PBXProject "WDWebBrowser" */ = {
			isa = XCConfigurationList;
			buildConfigurations = (
				7697184A1BF482C70024E5BD /* Debug */,
				7697184B1BF482C70024E5BD /* Release */,
			);
			defaultConfigurationIsVisible = 0;
			defaultConfigurationName = Release;
		};
		7697184C1BF482C70024E5BD /* Build configuration list for PBXNativeTarget "WDWebBrowser" */ = {
			isa = XCConfigurationList;
			buildConfigurations = (
				7697184D1BF482C70024E5BD /* Debug */,
				7697184E1BF482C70024E5BD /* Release */,
			);
			defaultConfigurationIsVisible = 0;
			defaultConfigurationName = Release;
		};
		7697184F1BF482C70024E5BD /* Build configuration list for PBXNativeTarget "WDWebBrowserTests" */ = {
			isa = XCConfigurationList;
			buildConfigurations = (
				769718501BF482C70024E5BD /* Debug */,
				769718511BF482C70024E5BD /* Release */,
			);
			defaultConfigurationIsVisible = 0;
			defaultConfigurationName = Release;
		};
		769718521BF482C70024E5BD /* Build configuration list for PBXNativeTarget "WDWebBrowserUITests" */ = {
			isa = XCConfigurationList;
			buildConfigurations = (
				769718531BF482C70024E5BD /* Debug */,
				769718541BF482C70024E5BD /* Release */,
			);
			defaultConfigurationIsVisible = 0;
			defaultConfigurationName = Release;
		};
/* End XCConfigurationList section */
	};
	rootObject = 769718171BF482C70024E5BD /* Project object */;
}
